// !$*UTF8*$!
{
	archiveVersion = 1;
	classes = {
	};
	objectVersion = 46;
	objects = {

/* Begin PBXBuildFile section */
		3A08A1E3EE26B321B62F8425 /* Pods_SmashingTVTests.framework in Frameworks */ = {isa = PBXBuildFile; fileRef = 7829A6B0DAAA4CDB913E2C14 /* Pods_SmashingTVTests.framework */; };
		67116A7C1CD19BCF0029F2BA /* AppDelegate.swift in Sources */ = {isa = PBXBuildFile; fileRef = 67116A7B1CD19BCF0029F2BA /* AppDelegate.swift */; };
		67116A811CD19BCF0029F2BA /* Main.storyboard in Resources */ = {isa = PBXBuildFile; fileRef = 67116A7F1CD19BCF0029F2BA /* Main.storyboard */; };
		67116A831CD19BCF0029F2BA /* Assets.xcassets in Resources */ = {isa = PBXBuildFile; fileRef = 67116A821CD19BCF0029F2BA /* Assets.xcassets */; };
		67116A8E1CD19BD00029F2BA /* SmashingTVTests.swift in Sources */ = {isa = PBXBuildFile; fileRef = 67116A8D1CD19BD00029F2BA /* SmashingTVTests.swift */; };
		67116A991CD19BD00029F2BA /* SmashingTVUITests.swift in Sources */ = {isa = PBXBuildFile; fileRef = 67116A981CD19BD00029F2BA /* SmashingTVUITests.swift */; };
		67116AA81CD19E090029F2BA /* MainScreenViewController.swift in Sources */ = {isa = PBXBuildFile; fileRef = 67116AA71CD19E090029F2BA /* MainScreenViewController.swift */; };
		67116AAB1CD19E2B0029F2BA /* LeaderCell.swift in Sources */ = {isa = PBXBuildFile; fileRef = 67116AAA1CD19E2B0029F2BA /* LeaderCell.swift */; };
		67116AAD1CD19E880029F2BA /* GameStore.swift in Sources */ = {isa = PBXBuildFile; fileRef = 67116AAC1CD19E880029F2BA /* GameStore.swift */; };
		67116AAF1CD19EA70029F2BA /* Leader.swift in Sources */ = {isa = PBXBuildFile; fileRef = 67116AAE1CD19EA70029F2BA /* Leader.swift */; };
		67116AB11CD19EB60029F2BA /* LeaderCell.xib in Resources */ = {isa = PBXBuildFile; fileRef = 67116AB01CD19EB60029F2BA /* LeaderCell.xib */; };
		73CA7D0797DC63AEBC898A0A /* Pods_SmashingTVUITests.framework in Frameworks */ = {isa = PBXBuildFile; fileRef = FD08D6F95E7925B2C5D98922 /* Pods_SmashingTVUITests.framework */; };
		A920CF7B377B84BB6DE0A4AE /* Pods_SmashingTV.framework in Frameworks */ = {isa = PBXBuildFile; fileRef = C4A8F1DF1CC5C6B04ADF9ED5 /* Pods_SmashingTV.framework */; };
/* End PBXBuildFile section */

/* Begin PBXContainerItemProxy section */
		67116A8A1CD19BD00029F2BA /* PBXContainerItemProxy */ = {
			isa = PBXContainerItemProxy;
			containerPortal = 67116A701CD19BCF0029F2BA /* Project object */;
			proxyType = 1;
			remoteGlobalIDString = 67116A771CD19BCF0029F2BA;
			remoteInfo = SmashingTV;
		};
		67116A951CD19BD00029F2BA /* PBXContainerItemProxy */ = {
			isa = PBXContainerItemProxy;
			containerPortal = 67116A701CD19BCF0029F2BA /* Project object */;
			proxyType = 1;
			remoteGlobalIDString = 67116A771CD19BCF0029F2BA;
			remoteInfo = SmashingTV;
		};
/* End PBXContainerItemProxy section */

/* Begin PBXFileReference section */
		3E98AAB87B7F439D8AC890AD /* Pods-SmashingTVUITests.release.xcconfig */ = {isa = PBXFileReference; includeInIndex = 1; lastKnownFileType = text.xcconfig; name = "Pods-SmashingTVUITests.release.xcconfig"; path = "Pods/Target Support Files/Pods-SmashingTVUITests/Pods-SmashingTVUITests.release.xcconfig"; sourceTree = "<group>"; };
		5335D0C31B21A1CE66A0D59B /* Pods-SmashingTV.release.xcconfig */ = {isa = PBXFileReference; includeInIndex = 1; lastKnownFileType = text.xcconfig; name = "Pods-SmashingTV.release.xcconfig"; path = "Pods/Target Support Files/Pods-SmashingTV/Pods-SmashingTV.release.xcconfig"; sourceTree = "<group>"; };
		67116A781CD19BCF0029F2BA /* SmashingTV.app */ = {isa = PBXFileReference; explicitFileType = wrapper.application; includeInIndex = 0; path = SmashingTV.app; sourceTree = BUILT_PRODUCTS_DIR; };
		67116A7B1CD19BCF0029F2BA /* AppDelegate.swift */ = {isa = PBXFileReference; lastKnownFileType = sourcecode.swift; path = AppDelegate.swift; sourceTree = "<group>"; };
		67116A801CD19BCF0029F2BA /* Base */ = {isa = PBXFileReference; lastKnownFileType = file.storyboard; name = Base; path = Base.lproj/Main.storyboard; sourceTree = "<group>"; };
		67116A821CD19BCF0029F2BA /* Assets.xcassets */ = {isa = PBXFileReference; lastKnownFileType = folder.assetcatalog; path = Assets.xcassets; sourceTree = "<group>"; };
		67116A841CD19BCF0029F2BA /* Info.plist */ = {isa = PBXFileReference; lastKnownFileType = text.plist.xml; path = Info.plist; sourceTree = "<group>"; };
		67116A891CD19BD00029F2BA /* SmashingTVTests.xctest */ = {isa = PBXFileReference; explicitFileType = wrapper.cfbundle; includeInIndex = 0; path = SmashingTVTests.xctest; sourceTree = BUILT_PRODUCTS_DIR; };
		67116A8D1CD19BD00029F2BA /* SmashingTVTests.swift */ = {isa = PBXFileReference; lastKnownFileType = sourcecode.swift; path = SmashingTVTests.swift; sourceTree = "<group>"; };
		67116A8F1CD19BD00029F2BA /* Info.plist */ = {isa = PBXFileReference; lastKnownFileType = text.plist.xml; path = Info.plist; sourceTree = "<group>"; };
		67116A941CD19BD00029F2BA /* SmashingTVUITests.xctest */ = {isa = PBXFileReference; explicitFileType = wrapper.cfbundle; includeInIndex = 0; path = SmashingTVUITests.xctest; sourceTree = BUILT_PRODUCTS_DIR; };
		67116A981CD19BD00029F2BA /* SmashingTVUITests.swift */ = {isa = PBXFileReference; lastKnownFileType = sourcecode.swift; path = SmashingTVUITests.swift; sourceTree = "<group>"; };
		67116A9A1CD19BD00029F2BA /* Info.plist */ = {isa = PBXFileReference; lastKnownFileType = text.plist.xml; path = Info.plist; sourceTree = "<group>"; };
		67116AA71CD19E090029F2BA /* MainScreenViewController.swift */ = {isa = PBXFileReference; fileEncoding = 4; lastKnownFileType = sourcecode.swift; path = MainScreenViewController.swift; sourceTree = "<group>"; };
		67116AAA1CD19E2B0029F2BA /* LeaderCell.swift */ = {isa = PBXFileReference; fileEncoding = 4; lastKnownFileType = sourcecode.swift; path = LeaderCell.swift; sourceTree = "<group>"; };
		67116AAC1CD19E880029F2BA /* GameStore.swift */ = {isa = PBXFileReference; fileEncoding = 4; lastKnownFileType = sourcecode.swift; path = GameStore.swift; sourceTree = "<group>"; };
		67116AAE1CD19EA70029F2BA /* Leader.swift */ = {isa = PBXFileReference; fileEncoding = 4; lastKnownFileType = sourcecode.swift; path = Leader.swift; sourceTree = "<group>"; };
		67116AB01CD19EB60029F2BA /* LeaderCell.xib */ = {isa = PBXFileReference; fileEncoding = 4; lastKnownFileType = file.xib; path = LeaderCell.xib; sourceTree = "<group>"; };
		6CA821A73D21F2C67BB6E08B /* Pods-SmashingTVTests.release.xcconfig */ = {isa = PBXFileReference; includeInIndex = 1; lastKnownFileType = text.xcconfig; name = "Pods-SmashingTVTests.release.xcconfig"; path = "Pods/Target Support Files/Pods-SmashingTVTests/Pods-SmashingTVTests.release.xcconfig"; sourceTree = "<group>"; };
		7829A6B0DAAA4CDB913E2C14 /* Pods_SmashingTVTests.framework */ = {isa = PBXFileReference; explicitFileType = wrapper.framework; includeInIndex = 0; path = Pods_SmashingTVTests.framework; sourceTree = BUILT_PRODUCTS_DIR; };
		87C18430C63EABFBB5A3F76F /* Pods-SmashingTVUITests.debug.xcconfig */ = {isa = PBXFileReference; includeInIndex = 1; lastKnownFileType = text.xcconfig; name = "Pods-SmashingTVUITests.debug.xcconfig"; path = "Pods/Target Support Files/Pods-SmashingTVUITests/Pods-SmashingTVUITests.debug.xcconfig"; sourceTree = "<group>"; };
		C4A8F1DF1CC5C6B04ADF9ED5 /* Pods_SmashingTV.framework */ = {isa = PBXFileReference; explicitFileType = wrapper.framework; includeInIndex = 0; path = Pods_SmashingTV.framework; sourceTree = BUILT_PRODUCTS_DIR; };
		D0F95DB1BCCDEB400482C6F5 /* Pods-SmashingTV.debug.xcconfig */ = {isa = PBXFileReference; includeInIndex = 1; lastKnownFileType = text.xcconfig; name = "Pods-SmashingTV.debug.xcconfig"; path = "Pods/Target Support Files/Pods-SmashingTV/Pods-SmashingTV.debug.xcconfig"; sourceTree = "<group>"; };
		D6B6BAE6FE198DBCD97AB6FE /* Pods-SmashingTVTests.debug.xcconfig */ = {isa = PBXFileReference; includeInIndex = 1; lastKnownFileType = text.xcconfig; name = "Pods-SmashingTVTests.debug.xcconfig"; path = "Pods/Target Support Files/Pods-SmashingTVTests/Pods-SmashingTVTests.debug.xcconfig"; sourceTree = "<group>"; };
		FD08D6F95E7925B2C5D98922 /* Pods_SmashingTVUITests.framework */ = {isa = PBXFileReference; explicitFileType = wrapper.framework; includeInIndex = 0; path = Pods_SmashingTVUITests.framework; sourceTree = BUILT_PRODUCTS_DIR; };
/* End PBXFileReference section */

/* Begin PBXFrameworksBuildPhase section */
		67116A751CD19BCF0029F2BA /* Frameworks */ = {
			isa = PBXFrameworksBuildPhase;
			buildActionMask = 2147483647;
			files = (
				A920CF7B377B84BB6DE0A4AE /* Pods_SmashingTV.framework in Frameworks */,
			);
			runOnlyForDeploymentPostprocessing = 0;
		};
		67116A861CD19BD00029F2BA /* Frameworks */ = {
			isa = PBXFrameworksBuildPhase;
			buildActionMask = 2147483647;
			files = (
				3A08A1E3EE26B321B62F8425 /* Pods_SmashingTVTests.framework in Frameworks */,
			);
			runOnlyForDeploymentPostprocessing = 0;
		};
		67116A911CD19BD00029F2BA /* Frameworks */ = {
			isa = PBXFrameworksBuildPhase;
			buildActionMask = 2147483647;
			files = (
				73CA7D0797DC63AEBC898A0A /* Pods_SmashingTVUITests.framework in Frameworks */,
			);
			runOnlyForDeploymentPostprocessing = 0;
		};
/* End PBXFrameworksBuildPhase section */

/* Begin PBXGroup section */
		3037CF3208CEBB185C674BFC /* Pods */ = {
			isa = PBXGroup;
			children = (
				D0F95DB1BCCDEB400482C6F5 /* Pods-SmashingTV.debug.xcconfig */,
				5335D0C31B21A1CE66A0D59B /* Pods-SmashingTV.release.xcconfig */,
				D6B6BAE6FE198DBCD97AB6FE /* Pods-SmashingTVTests.debug.xcconfig */,
				6CA821A73D21F2C67BB6E08B /* Pods-SmashingTVTests.release.xcconfig */,
				87C18430C63EABFBB5A3F76F /* Pods-SmashingTVUITests.debug.xcconfig */,
				3E98AAB87B7F439D8AC890AD /* Pods-SmashingTVUITests.release.xcconfig */,
			);
			name = Pods;
			sourceTree = "<group>";
		};
		67116A6F1CD19BCF0029F2BA = {
			isa = PBXGroup;
			children = (
				67116A7A1CD19BCF0029F2BA /* SmashingTV */,
				67116A8C1CD19BD00029F2BA /* SmashingTVTests */,
				67116A971CD19BD00029F2BA /* SmashingTVUITests */,
				67116A791CD19BCF0029F2BA /* Products */,
				3037CF3208CEBB185C674BFC /* Pods */,
				B3AF8C63D5884CE526986E31 /* Frameworks */,
			);
			sourceTree = "<group>";
		};
		67116A791CD19BCF0029F2BA /* Products */ = {
			isa = PBXGroup;
			children = (
				67116A781CD19BCF0029F2BA /* SmashingTV.app */,
				67116A891CD19BD00029F2BA /* SmashingTVTests.xctest */,
				67116A941CD19BD00029F2BA /* SmashingTVUITests.xctest */,
			);
			name = Products;
			sourceTree = "<group>";
		};
		67116A7A1CD19BCF0029F2BA /* SmashingTV */ = {
			isa = PBXGroup;
			children = (
				67D53FAC1CD1A12A0060EC24 /* Model */,
				67116AA61CD19DF20029F2BA /* Main View */,
				67116A7B1CD19BCF0029F2BA /* AppDelegate.swift */,
				67116A7F1CD19BCF0029F2BA /* Main.storyboard */,
				67116A821CD19BCF0029F2BA /* Assets.xcassets */,
				67116A841CD19BCF0029F2BA /* Info.plist */,
			);
			path = SmashingTV;
			sourceTree = "<group>";
		};
		67116A8C1CD19BD00029F2BA /* SmashingTVTests */ = {
			isa = PBXGroup;
			children = (
				67116A8D1CD19BD00029F2BA /* SmashingTVTests.swift */,
				67116A8F1CD19BD00029F2BA /* Info.plist */,
			);
			path = SmashingTVTests;
			sourceTree = "<group>";
		};
		67116A971CD19BD00029F2BA /* SmashingTVUITests */ = {
			isa = PBXGroup;
			children = (
				67116A981CD19BD00029F2BA /* SmashingTVUITests.swift */,
				67116A9A1CD19BD00029F2BA /* Info.plist */,
			);
			path = SmashingTVUITests;
			sourceTree = "<group>";
		};
		67116AA61CD19DF20029F2BA /* Main View */ = {
			isa = PBXGroup;
			children = (
				67116AA91CD19E0D0029F2BA /* Leader Board Cell */,
				67116AA71CD19E090029F2BA /* MainScreenViewController.swift */,
			);
			name = "Main View";
			sourceTree = "<group>";
		};
		67116AA91CD19E0D0029F2BA /* Leader Board Cell */ = {
			isa = PBXGroup;
			children = (
				67116AAA1CD19E2B0029F2BA /* LeaderCell.swift */,
				67116AB01CD19EB60029F2BA /* LeaderCell.xib */,
			);
			name = "Leader Board Cell";
			sourceTree = "<group>";
		};
		67D53FAC1CD1A12A0060EC24 /* Model */ = {
			isa = PBXGroup;
			children = (
				67116AAC1CD19E880029F2BA /* GameStore.swift */,
				67116AAE1CD19EA70029F2BA /* Leader.swift */,
			);
			name = Model;
			sourceTree = "<group>";
		};
		B3AF8C63D5884CE526986E31 /* Frameworks */ = {
			isa = PBXGroup;
			children = (
				C4A8F1DF1CC5C6B04ADF9ED5 /* Pods_SmashingTV.framework */,
				7829A6B0DAAA4CDB913E2C14 /* Pods_SmashingTVTests.framework */,
				FD08D6F95E7925B2C5D98922 /* Pods_SmashingTVUITests.framework */,
			);
			name = Frameworks;
			sourceTree = "<group>";
		};
/* End PBXGroup section */

/* Begin PBXNativeTarget section */
		67116A771CD19BCF0029F2BA /* SmashingTV */ = {
			isa = PBXNativeTarget;
			buildConfigurationList = 67116A9D1CD19BD00029F2BA /* Build configuration list for PBXNativeTarget "SmashingTV" */;
			buildPhases = (
				57DA25661EFC81C0416935D9 /* Check Pods Manifest.lock */,
				67116A741CD19BCF0029F2BA /* Sources */,
				67116A751CD19BCF0029F2BA /* Frameworks */,
				67116A761CD19BCF0029F2BA /* Resources */,
				3BB8E5188F29AB7A38DC6497 /* Embed Pods Frameworks */,
				2F893E69C789889FCD534E22 /* Copy Pods Resources */,
			);
			buildRules = (
			);
			dependencies = (
			);
			name = SmashingTV;
			productName = SmashingTV;
			productReference = 67116A781CD19BCF0029F2BA /* SmashingTV.app */;
			productType = "com.apple.product-type.application";
		};
		67116A881CD19BD00029F2BA /* SmashingTVTests */ = {
			isa = PBXNativeTarget;
			buildConfigurationList = 67116AA01CD19BD00029F2BA /* Build configuration list for PBXNativeTarget "SmashingTVTests" */;
			buildPhases = (
				9A941593C93A28C2322A8488 /* Check Pods Manifest.lock */,
				67116A851CD19BD00029F2BA /* Sources */,
				67116A861CD19BD00029F2BA /* Frameworks */,
				67116A871CD19BD00029F2BA /* Resources */,
				F9FAEF6895393E513BDB589E /* Embed Pods Frameworks */,
				6E9DD01BF7C5ACE760D58DA7 /* Copy Pods Resources */,
			);
			buildRules = (
			);
			dependencies = (
				67116A8B1CD19BD00029F2BA /* PBXTargetDependency */,
			);
			name = SmashingTVTests;
			productName = SmashingTVTests;
			productReference = 67116A891CD19BD00029F2BA /* SmashingTVTests.xctest */;
			productType = "com.apple.product-type.bundle.unit-test";
		};
		67116A931CD19BD00029F2BA /* SmashingTVUITests */ = {
			isa = PBXNativeTarget;
			buildConfigurationList = 67116AA31CD19BD00029F2BA /* Build configuration list for PBXNativeTarget "SmashingTVUITests" */;
			buildPhases = (
				E2793935F5028A34FC496866 /* Check Pods Manifest.lock */,
				67116A901CD19BD00029F2BA /* Sources */,
				67116A911CD19BD00029F2BA /* Frameworks */,
				67116A921CD19BD00029F2BA /* Resources */,
				7612FE8010AF08B5161A5A8A /* Copy Pods Resources */,
			);
			buildRules = (
			);
			dependencies = (
				67116A961CD19BD00029F2BA /* PBXTargetDependency */,
			);
			name = SmashingTVUITests;
			productName = SmashingTVUITests;
			productReference = 67116A941CD19BD00029F2BA /* SmashingTVUITests.xctest */;
			productType = "com.apple.product-type.bundle.ui-testing";
		};
/* End PBXNativeTarget section */

/* Begin PBXProject section */
		67116A701CD19BCF0029F2BA /* Project object */ = {
			isa = PBXProject;
			attributes = {
				LastSwiftUpdateCheck = 0730;
				LastUpgradeCheck = 0730;
				ORGANIZATIONNAME = "Timothy Barrett";
				TargetAttributes = {
					67116A771CD19BCF0029F2BA = {
						CreatedOnToolsVersion = 7.3;
					};
					67116A881CD19BD00029F2BA = {
						CreatedOnToolsVersion = 7.3;
						DevelopmentTeam = ZL97M23RXJ;
						TestTargetID = 67116A771CD19BCF0029F2BA;
					};
					67116A931CD19BD00029F2BA = {
						CreatedOnToolsVersion = 7.3;
						DevelopmentTeam = ZL97M23RXJ;
						TestTargetID = 67116A771CD19BCF0029F2BA;
					};
				};
			};
			buildConfigurationList = 67116A731CD19BCF0029F2BA /* Build configuration list for PBXProject "SmashingTV" */;
			compatibilityVersion = "Xcode 3.2";
			developmentRegion = English;
			hasScannedForEncodings = 0;
			knownRegions = (
				en,
				Base,
			);
			mainGroup = 67116A6F1CD19BCF0029F2BA;
			productRefGroup = 67116A791CD19BCF0029F2BA /* Products */;
			projectDirPath = "";
			projectRoot = "";
			targets = (
				67116A771CD19BCF0029F2BA /* SmashingTV */,
				67116A881CD19BD00029F2BA /* SmashingTVTests */,
				67116A931CD19BD00029F2BA /* SmashingTVUITests */,
			);
		};
/* End PBXProject section */

/* Begin PBXResourcesBuildPhase section */
		67116A761CD19BCF0029F2BA /* Resources */ = {
			isa = PBXResourcesBuildPhase;
			buildActionMask = 2147483647;
			files = (
				67116AB11CD19EB60029F2BA /* LeaderCell.xib in Resources */,
				67116A831CD19BCF0029F2BA /* Assets.xcassets in Resources */,
				67116A811CD19BCF0029F2BA /* Main.storyboard in Resources */,
			);
			runOnlyForDeploymentPostprocessing = 0;
		};
		67116A871CD19BD00029F2BA /* Resources */ = {
			isa = PBXResourcesBuildPhase;
			buildActionMask = 2147483647;
			files = (
			);
			runOnlyForDeploymentPostprocessing = 0;
		};
		67116A921CD19BD00029F2BA /* Resources */ = {
			isa = PBXResourcesBuildPhase;
			buildActionMask = 2147483647;
			files = (
			);
			runOnlyForDeploymentPostprocessing = 0;
		};
/* End PBXResourcesBuildPhase section */

/* Begin PBXShellScriptBuildPhase section */
		2F893E69C789889FCD534E22 /* Copy Pods Resources */ = {
			isa = PBXShellScriptBuildPhase;
			buildActionMask = 2147483647;
			files = (
			);
			inputPaths = (
			);
			name = "Copy Pods Resources";
			outputPaths = (
			);
			runOnlyForDeploymentPostprocessing = 0;
			shellPath = /bin/sh;
			shellScript = "\"${SRCROOT}/Pods/Target Support Files/Pods-SmashingTV/Pods-SmashingTV-resources.sh\"\n";
			showEnvVarsInLog = 0;
		};
		3BB8E5188F29AB7A38DC6497 /* Embed Pods Frameworks */ = {
			isa = PBXShellScriptBuildPhase;
			buildActionMask = 2147483647;
			files = (
			);
			inputPaths = (
			);
			name = "Embed Pods Frameworks";
			outputPaths = (
			);
			runOnlyForDeploymentPostprocessing = 0;
			shellPath = /bin/sh;
			shellScript = "\"${SRCROOT}/Pods/Target Support Files/Pods-SmashingTV/Pods-SmashingTV-frameworks.sh\"\n";
			showEnvVarsInLog = 0;
		};
		57DA25661EFC81C0416935D9 /* Check Pods Manifest.lock */ = {
			isa = PBXShellScriptBuildPhase;
			buildActionMask = 2147483647;
			files = (
			);
			inputPaths = (
			);
			name = "Check Pods Manifest.lock";
			outputPaths = (
			);
			runOnlyForDeploymentPostprocessing = 0;
			shellPath = /bin/sh;
			shellScript = "diff \"${PODS_ROOT}/../Podfile.lock\" \"${PODS_ROOT}/Manifest.lock\" > /dev/null\nif [[ $? != 0 ]] ; then\n    cat << EOM\nerror: The sandbox is not in sync with the Podfile.lock. Run 'pod install' or update your CocoaPods installation.\nEOM\n    exit 1\nfi\n";
			showEnvVarsInLog = 0;
		};
		6E9DD01BF7C5ACE760D58DA7 /* Copy Pods Resources */ = {
			isa = PBXShellScriptBuildPhase;
			buildActionMask = 2147483647;
			files = (
			);
			inputPaths = (
			);
			name = "Copy Pods Resources";
			outputPaths = (
			);
			runOnlyForDeploymentPostprocessing = 0;
			shellPath = /bin/sh;
			shellScript = "\"${SRCROOT}/Pods/Target Support Files/Pods-SmashingTVTests/Pods-SmashingTVTests-resources.sh\"\n";
			showEnvVarsInLog = 0;
		};
		7612FE8010AF08B5161A5A8A /* Copy Pods Resources */ = {
			isa = PBXShellScriptBuildPhase;
			buildActionMask = 2147483647;
			files = (
			);
			inputPaths = (
			);
			name = "Copy Pods Resources";
			outputPaths = (
			);
			runOnlyForDeploymentPostprocessing = 0;
			shellPath = /bin/sh;
			shellScript = "\"${SRCROOT}/Pods/Target Support Files/Pods-SmashingTVUITests/Pods-SmashingTVUITests-resources.sh\"\n";
			showEnvVarsInLog = 0;
		};
		9A941593C93A28C2322A8488 /* Check Pods Manifest.lock */ = {
			isa = PBXShellScriptBuildPhase;
			buildActionMask = 2147483647;
			files = (
			);
			inputPaths = (
			);
			name = "Check Pods Manifest.lock";
			outputPaths = (
			);
			runOnlyForDeploymentPostprocessing = 0;
			shellPath = /bin/sh;
			shellScript = "diff \"${PODS_ROOT}/../Podfile.lock\" \"${PODS_ROOT}/Manifest.lock\" > /dev/null\nif [[ $? != 0 ]] ; then\n    cat << EOM\nerror: The sandbox is not in sync with the Podfile.lock. Run 'pod install' or update your CocoaPods installation.\nEOM\n    exit 1\nfi\n";
			showEnvVarsInLog = 0;
		};
		E2793935F5028A34FC496866 /* Check Pods Manifest.lock */ = {
			isa = PBXShellScriptBuildPhase;
			buildActionMask = 2147483647;
			files = (
			);
			inputPaths = (
			);
			name = "Check Pods Manifest.lock";
			outputPaths = (
			);
			runOnlyForDeploymentPostprocessing = 0;
			shellPath = /bin/sh;
			shellScript = "diff \"${PODS_ROOT}/../Podfile.lock\" \"${PODS_ROOT}/Manifest.lock\" > /dev/null\nif [[ $? != 0 ]] ; then\n    cat << EOM\nerror: The sandbox is not in sync with the Podfile.lock. Run 'pod install' or update your CocoaPods installation.\nEOM\n    exit 1\nfi\n";
			showEnvVarsInLog = 0;
		};
		F9FAEF6895393E513BDB589E /* Embed Pods Frameworks */ = {
			isa = PBXShellScriptBuildPhase;
			buildActionMask = 2147483647;
			files = (
			);
			inputPaths = (
			);
			name = "Embed Pods Frameworks";
			outputPaths = (
			);
			runOnlyForDeploymentPostprocessing = 0;
			shellPath = /bin/sh;
			shellScript = "\"${SRCROOT}/Pods/Target Support Files/Pods-SmashingTVTests/Pods-SmashingTVTests-frameworks.sh\"\n";
			showEnvVarsInLog = 0;
		};
/* End PBXShellScriptBuildPhase section */

/* Begin PBXSourcesBuildPhase section */
		67116A741CD19BCF0029F2BA /* Sources */ = {
			isa = PBXSourcesBuildPhase;
			buildActionMask = 2147483647;
			files = (
				67116AAF1CD19EA70029F2BA /* Leader.swift in Sources */,
				67116A7C1CD19BCF0029F2BA /* AppDelegate.swift in Sources */,
				67116AAD1CD19E880029F2BA /* GameStore.swift in Sources */,
				67116AAB1CD19E2B0029F2BA /* LeaderCell.swift in Sources */,
				67116AA81CD19E090029F2BA /* MainScreenViewController.swift in Sources */,
			);
			runOnlyForDeploymentPostprocessing = 0;
		};
		67116A851CD19BD00029F2BA /* Sources */ = {
			isa = PBXSourcesBuildPhase;
			buildActionMask = 2147483647;
			files = (
				67116A8E1CD19BD00029F2BA /* SmashingTVTests.swift in Sources */,
			);
			runOnlyForDeploymentPostprocessing = 0;
		};
		67116A901CD19BD00029F2BA /* Sources */ = {
			isa = PBXSourcesBuildPhase;
			buildActionMask = 2147483647;
			files = (
				67116A991CD19BD00029F2BA /* SmashingTVUITests.swift in Sources */,
			);
			runOnlyForDeploymentPostprocessing = 0;
		};
/* End PBXSourcesBuildPhase section */

/* Begin PBXTargetDependency section */
		67116A8B1CD19BD00029F2BA /* PBXTargetDependency */ = {
			isa = PBXTargetDependency;
			target = 67116A771CD19BCF0029F2BA /* SmashingTV */;
			targetProxy = 67116A8A1CD19BD00029F2BA /* PBXContainerItemProxy */;
		};
		67116A961CD19BD00029F2BA /* PBXTargetDependency */ = {
			isa = PBXTargetDependency;
			target = 67116A771CD19BCF0029F2BA /* SmashingTV */;
			targetProxy = 67116A951CD19BD00029F2BA /* PBXContainerItemProxy */;
		};
/* End PBXTargetDependency section */

/* Begin PBXVariantGroup section */
		67116A7F1CD19BCF0029F2BA /* Main.storyboard */ = {
			isa = PBXVariantGroup;
			children = (
				67116A801CD19BCF0029F2BA /* Base */,
			);
			name = Main.storyboard;
			sourceTree = "<group>";
		};
/* End PBXVariantGroup section */

/* Begin XCBuildConfiguration section */
		67116A9B1CD19BD00029F2BA /* Debug */ = {
			isa = XCBuildConfiguration;
			buildSettings = {
				ALWAYS_SEARCH_USER_PATHS = NO;
				CLANG_ANALYZER_NONNULL = YES;
				CLANG_CXX_LANGUAGE_STANDARD = "gnu++0x";
				CLANG_CXX_LIBRARY = "libc++";
				CLANG_ENABLE_MODULES = YES;
				CLANG_ENABLE_OBJC_ARC = YES;
				CLANG_WARN_BOOL_CONVERSION = YES;
				CLANG_WARN_CONSTANT_CONVERSION = YES;
				CLANG_WARN_DIRECT_OBJC_ISA_USAGE = YES_ERROR;
				CLANG_WARN_EMPTY_BODY = YES;
				CLANG_WARN_ENUM_CONVERSION = YES;
				CLANG_WARN_INT_CONVERSION = YES;
				CLANG_WARN_OBJC_ROOT_CLASS = YES_ERROR;
				CLANG_WARN_UNREACHABLE_CODE = YES;
				CLANG_WARN__DUPLICATE_METHOD_MATCH = YES;
				COPY_PHASE_STRIP = NO;
				DEBUG_INFORMATION_FORMAT = dwarf;
				ENABLE_STRICT_OBJC_MSGSEND = YES;
				ENABLE_TESTABILITY = YES;
				GCC_C_LANGUAGE_STANDARD = gnu99;
				GCC_DYNAMIC_NO_PIC = NO;
				GCC_NO_COMMON_BLOCKS = YES;
				GCC_OPTIMIZATION_LEVEL = 0;
				GCC_PREPROCESSOR_DEFINITIONS = (
					"DEBUG=1",
					"$(inherited)",
				);
				GCC_WARN_64_TO_32_BIT_CONVERSION = YES;
				GCC_WARN_ABOUT_RETURN_TYPE = YES_ERROR;
				GCC_WARN_UNDECLARED_SELECTOR = YES;
				GCC_WARN_UNINITIALIZED_AUTOS = YES_AGGRESSIVE;
				GCC_WARN_UNUSED_FUNCTION = YES;
				GCC_WARN_UNUSED_VARIABLE = YES;
				MTL_ENABLE_DEBUG_INFO = YES;
				ONLY_ACTIVE_ARCH = YES;
				SDKROOT = appletvos;
				SWIFT_OPTIMIZATION_LEVEL = "-Onone";
				TARGETED_DEVICE_FAMILY = 3;
				TVOS_DEPLOYMENT_TARGET = 9.2;
			};
			name = Debug;
		};
		67116A9C1CD19BD00029F2BA /* Release */ = {
			isa = XCBuildConfiguration;
			buildSettings = {
				ALWAYS_SEARCH_USER_PATHS = NO;
				CLANG_ANALYZER_NONNULL = YES;
				CLANG_CXX_LANGUAGE_STANDARD = "gnu++0x";
				CLANG_CXX_LIBRARY = "libc++";
				CLANG_ENABLE_MODULES = YES;
				CLANG_ENABLE_OBJC_ARC = YES;
				CLANG_WARN_BOOL_CONVERSION = YES;
				CLANG_WARN_CONSTANT_CONVERSION = YES;
				CLANG_WARN_DIRECT_OBJC_ISA_USAGE = YES_ERROR;
				CLANG_WARN_EMPTY_BODY = YES;
				CLANG_WARN_ENUM_CONVERSION = YES;
				CLANG_WARN_INT_CONVERSION = YES;
				CLANG_WARN_OBJC_ROOT_CLASS = YES_ERROR;
				CLANG_WARN_UNREACHABLE_CODE = YES;
				CLANG_WARN__DUPLICATE_METHOD_MATCH = YES;
				COPY_PHASE_STRIP = NO;
				DEBUG_INFORMATION_FORMAT = "dwarf-with-dsym";
				ENABLE_NS_ASSERTIONS = NO;
				ENABLE_STRICT_OBJC_MSGSEND = YES;
				GCC_C_LANGUAGE_STANDARD = gnu99;
				GCC_NO_COMMON_BLOCKS = YES;
				GCC_WARN_64_TO_32_BIT_CONVERSION = YES;
				GCC_WARN_ABOUT_RETURN_TYPE = YES_ERROR;
				GCC_WARN_UNDECLARED_SELECTOR = YES;
				GCC_WARN_UNINITIALIZED_AUTOS = YES_AGGRESSIVE;
				GCC_WARN_UNUSED_FUNCTION = YES;
				GCC_WARN_UNUSED_VARIABLE = YES;
				MTL_ENABLE_DEBUG_INFO = NO;
				SDKROOT = appletvos;
				TARGETED_DEVICE_FAMILY = 3;
				TVOS_DEPLOYMENT_TARGET = 9.2;
				VALIDATE_PRODUCT = YES;
			};
			name = Release;
		};
		67116A9E1CD19BD00029F2BA /* Debug */ = {
			isa = XCBuildConfiguration;
			baseConfigurationReference = D0F95DB1BCCDEB400482C6F5 /* Pods-SmashingTV.debug.xcconfig */;
			buildSettings = {
				ASSETCATALOG_COMPILER_APPICON_NAME = "App Icon & Top Shelf Image";
				ASSETCATALOG_COMPILER_LAUNCHIMAGE_NAME = LaunchImage;
				CODE_SIGN_IDENTITY = "iPhone Developer";
				FRAMEWORK_SEARCH_PATHS = "";
				INFOPLIST_FILE = SmashingTV/Info.plist;
				LD_RUNPATH_SEARCH_PATHS = "$(inherited) @executable_path/Frameworks";
				PRODUCT_BUNDLE_IDENTIFIER = com.tsb.SmashingTV;
				PRODUCT_NAME = "$(TARGET_NAME)";
			};
			name = Debug;
		};
		67116A9F1CD19BD00029F2BA /* Release */ = {
			isa = XCBuildConfiguration;
			baseConfigurationReference = 5335D0C31B21A1CE66A0D59B /* Pods-SmashingTV.release.xcconfig */;
			buildSettings = {
				ASSETCATALOG_COMPILER_APPICON_NAME = "App Icon & Top Shelf Image";
				ASSETCATALOG_COMPILER_LAUNCHIMAGE_NAME = LaunchImage;
				CODE_SIGN_IDENTITY = "iPhone Developer";
				FRAMEWORK_SEARCH_PATHS = "";
				INFOPLIST_FILE = SmashingTV/Info.plist;
				LD_RUNPATH_SEARCH_PATHS = "$(inherited) @executable_path/Frameworks";
				PRODUCT_BUNDLE_IDENTIFIER = com.tsb.SmashingTV;
				PRODUCT_NAME = "$(TARGET_NAME)";
			};
			name = Release;
		};
		67116AA11CD19BD00029F2BA /* Debug */ = {
			isa = XCBuildConfiguration;
			baseConfigurationReference = D6B6BAE6FE198DBCD97AB6FE /* Pods-SmashingTVTests.debug.xcconfig */;
			buildSettings = {
				BUNDLE_LOADER = "$(TEST_HOST)";
				INFOPLIST_FILE = SmashingTVTests/Info.plist;
				LD_RUNPATH_SEARCH_PATHS = "$(inherited) @executable_path/Frameworks @loader_path/Frameworks";
				PRODUCT_BUNDLE_IDENTIFIER = com.tsb.SmashingTVTests;
				PRODUCT_NAME = "$(TARGET_NAME)";
				TEST_HOST = "$(BUILT_PRODUCTS_DIR)/SmashingTV.app/SmashingTV";
			};
			name = Debug;
		};
		67116AA21CD19BD00029F2BA /* Release */ = {
			isa = XCBuildConfiguration;
			baseConfigurationReference = 6CA821A73D21F2C67BB6E08B /* Pods-SmashingTVTests.release.xcconfig */;
			buildSettings = {
				BUNDLE_LOADER = "$(TEST_HOST)";
				INFOPLIST_FILE = SmashingTVTests/Info.plist;
				LD_RUNPATH_SEARCH_PATHS = "$(inherited) @executable_path/Frameworks @loader_path/Frameworks";
				PRODUCT_BUNDLE_IDENTIFIER = com.tsb.SmashingTVTests;
				PRODUCT_NAME = "$(TARGET_NAME)";
				TEST_HOST = "$(BUILT_PRODUCTS_DIR)/SmashingTV.app/SmashingTV";
			};
			name = Release;
		};
		67116AA41CD19BD00029F2BA /* Debug */ = {
			isa = XCBuildConfiguration;
			baseConfigurationReference = 87C18430C63EABFBB5A3F76F /* Pods-SmashingTVUITests.debug.xcconfig */;
			buildSettings = {
				INFOPLIST_FILE = SmashingTVUITests/Info.plist;
				LD_RUNPATH_SEARCH_PATHS = "$(inherited) @executable_path/Frameworks @loader_path/Frameworks";
				PRODUCT_BUNDLE_IDENTIFIER = com.tsb.SmashingTVUITests;
				PRODUCT_NAME = "$(TARGET_NAME)";
				TEST_TARGET_NAME = SmashingTV;
			};
			name = Debug;
		};
		67116AA51CD19BD00029F2BA /* Release */ = {
			isa = XCBuildConfiguration;
			baseConfigurationReference = 3E98AAB87B7F439D8AC890AD /* Pods-SmashingTVUITests.release.xcconfig */;
			buildSettings = {
				INFOPLIST_FILE = SmashingTVUITests/Info.plist;
				LD_RUNPATH_SEARCH_PATHS = "$(inherited) @executable_path/Frameworks @loader_path/Frameworks";
				PRODUCT_BUNDLE_IDENTIFIER = com.tsb.SmashingTVUITests;
				PRODUCT_NAME = "$(TARGET_NAME)";
				TEST_TARGET_NAME = SmashingTV;
			};
			name = Release;
		};
/* End XCBuildConfiguration section */

/* Begin XCConfigurationList section */
		67116A731CD19BCF0029F2BA /* Build configuration list for PBXProject "SmashingTV" */ = {
			isa = XCConfigurationList;
			buildConfigurations = (
				67116A9B1CD19BD00029F2BA /* Debug */,
				67116A9C1CD19BD00029F2BA /* Release */,
			);
			defaultConfigurationIsVisible = 0;
			defaultConfigurationName = Release;
		};
		67116A9D1CD19BD00029F2BA /* Build configuration list for PBXNativeTarget "SmashingTV" */ = {
			isa = XCConfigurationList;
			buildConfigurations = (
				67116A9E1CD19BD00029F2BA /* Debug */,
				67116A9F1CD19BD00029F2BA /* Release */,
			);
			defaultConfigurationIsVisible = 0;
			defaultConfigurationName = Release;
		};
		67116AA01CD19BD00029F2BA /* Build configuration list for PBXNativeTarget "SmashingTVTests" */ = {
			isa = XCConfigurationList;
			buildConfigurations = (
				67116AA11CD19BD00029F2BA /* Debug */,
				67116AA21CD19BD00029F2BA /* Release */,
			);
			defaultConfigurationIsVisible = 0;
			defaultConfigurationName = Release;
		};
		67116AA31CD19BD00029F2BA /* Build configuration list for PBXNativeTarget "SmashingTVUITests" */ = {
			isa = XCConfigurationList;
			buildConfigurations = (
				67116AA41CD19BD00029F2BA /* Debug */,
				67116AA51CD19BD00029F2BA /* Release */,
			);
			defaultConfigurationIsVisible = 0;
			defaultConfigurationName = Release;
		};
/* End XCConfigurationList section */
	};
	rootObject = 67116A701CD19BCF0029F2BA /* Project object */;
}
